
Microsoft Visual Studio Solution File, Format Version 12.00
# Visual Studio 15
VisualStudioVersion = 15.0.28307.705
MinimumVisualStudioVersion = 10.0.40219.1
Project("{9A19103F-16F7-4668-BE54-9A1E7A4F7556}") = "mvc_app", "mvc_app\mvc_app.csproj", "{4A103E38-4732-4285-9FDA-14805D083319}"
EndProject
Global
	GlobalSection(SolutionConfigurationPlatforms) = preSolution
		Debug|Any CPU = Debug|Any CPU
		Release|Any CPU = Release|Any CPU
	EndGlobalSection
	GlobalSection(ProjectConfigurationPlatforms) = postSolution
		{4A103E38-4732-4285-9FDA-14805D083319}.Debug|Any CPU.ActiveCfg = Debug|Any CPU
		{4A103E38-4732-4285-9FDA-14805D083319}.Debug|Any CPU.Build.0 = Debug|Any CPU
		{4A103E38-4732-4285-9FDA-14805D083319}.Release|Any CPU.ActiveCfg = Release|Any CPU
		{4A103E38-4732-4285-9FDA-14805D083319}.Release|Any CPU.Build.0 = Release|Any CPU
	EndGlobalSection
	GlobalSection(SolutionProperties) = preSolution
		HideSolutionNode = FALSE
	EndGlobalSection
	GlobalSection(ExtensibilityGlobals) = postSolution
		SolutionGuid = {CD327915-7A8E-419F-B7EC-71B48885AA6A}
	EndGlobalSection
EndGlobal
